{
  "name": "import-homework-npm",
  "version": "1.0.0",
  "lockfileVersion": 3,
  "requires": true,
  "packages": {
    "": {
      "name": "import-homework-npm",
      "version": "1.0.0",
      "license": "ISC",
      "dependencies": {
        "generate-module-bn": "^1.2.0"
      }
    },
    "node_modules/generate-module-bn": {
      "version": "1.2.0",
      "resolved": "https://registry.npmjs.org/generate-module-bn/-/generate-module-bn-1.2.0.tgz",
      "integrity": "sha512-Lpn/PDl7d6Uj80XG54QVBgvGNPBPID9nN4209OFosMP0+P/HRQWVLO3FIAw2RV9gDDfp3gZjTxpV5OF10mCYGg=="
    }
  }
}
